
Microsoft Visual Studio Solution File, Format Version 12.00
# Visual Studio Version 16
VisualStudioVersion = 16.0.31911.196
MinimumVisualStudioVersion = 10.0.40219.1
Project("{FAE04EC0-301F-11D3-BF4B-00C04F79EFBC}") = "LINQtoXML", "LINQtoXML\LINQtoXML.csproj", "{F5DA2509-C2E3-4B89-9236-99CE676DAE2C}"
EndProject
Project("{FAE04EC0-301F-11D3-BF4B-00C04F79EFBC}") = "LINQtoXML1", "LINQtoXML1\LINQtoXML1.csproj", "{949DD795-A2A5-4DDC-9659-6CC495AFEA94}"
EndProject
Global
	GlobalSection(SolutionConfigurationPlatforms) = preSolution
		Debug|Any CPU = Debug|Any CPU
		Release|Any CPU = Release|Any CPU
	EndGlobalSection
	GlobalSection(ProjectConfigurationPlatforms) = postSolution
		{F5DA2509-C2E3-4B89-9236-99CE676DAE2C}.Debug|Any CPU.ActiveCfg = Debug|Any CPU
		{F5DA2509-C2E3-4B89-9236-99CE676DAE2C}.Debug|Any CPU.Build.0 = Debug|Any CPU
		{F5DA2509-C2E3-4B89-9236-99CE676DAE2C}.Release|Any CPU.ActiveCfg = Release|Any CPU
		{F5DA2509-C2E3-4B89-9236-99CE676DAE2C}.Release|Any CPU.Build.0 = Release|Any CPU
		{949DD795-A2A5-4DDC-9659-6CC495AFEA94}.Debug|Any CPU.ActiveCfg = Debug|Any CPU
		{949DD795-A2A5-4DDC-9659-6CC495AFEA94}.Debug|Any CPU.Build.0 = Debug|Any CPU
		{949DD795-A2A5-4DDC-9659-6CC495AFEA94}.Release|Any CPU.ActiveCfg = Release|Any CPU
		{949DD795-A2A5-4DDC-9659-6CC495AFEA94}.Release|Any CPU.Build.0 = Release|Any CPU
	EndGlobalSection
	GlobalSection(SolutionProperties) = preSolution
		HideSolutionNode = FALSE
	EndGlobalSection
	GlobalSection(ExtensibilityGlobals) = postSolution
		SolutionGuid = {97AD0090-1AF4-4C51-B58B-2A456355D3A0}
	EndGlobalSection
EndGlobal
